
Microsoft Visual Studio Solution File, Format Version 12.00
# Visual Studio Version 16
VisualStudioVersion = 16.0.29326.143
MinimumVisualStudioVersion = 10.0.40219.1
Project("{FAE04EC0-301F-11D3-BF4B-00C04F79EFBC}") = "OpenClosePrinciple", "OpenClosePrinciple\OpenClosePrinciple.csproj", "{FC0C670C-4CDF-4A1F-A2B6-3187C9A85D2C}"
EndProject
Global
	GlobalSection(SolutionConfigurationPlatforms) = preSolution
		Debug|Any CPU = Debug|Any CPU
		Release|Any CPU = Release|Any CPU
	EndGlobalSection
	GlobalSection(ProjectConfigurationPlatforms) = postSolution
		{FC0C670C-4CDF-4A1F-A2B6-3187C9A85D2C}.Debug|Any CPU.ActiveCfg = Debug|Any CPU
		{FC0C670C-4CDF-4A1F-A2B6-3187C9A85D2C}.Debug|Any CPU.Build.0 = Debug|Any CPU
		{FC0C670C-4CDF-4A1F-A2B6-3187C9A85D2C}.Release|Any CPU.ActiveCfg = Release|Any CPU
		{FC0C670C-4CDF-4A1F-A2B6-3187C9A85D2C}.Release|Any CPU.Build.0 = Release|Any CPU
	EndGlobalSection
	GlobalSection(SolutionProperties) = preSolution
		HideSolutionNode = FALSE
	EndGlobalSection
	GlobalSection(ExtensibilityGlobals) = postSolution
		SolutionGuid = {B844A9C1-27A4-421A-92FB-223BA3C4DE49}
	EndGlobalSection
EndGlobal
